
Microsoft Visual Studio Solution File, Format Version 12.00
# Visual Studio Version 17
VisualStudioVersion = 17.12.35527.113 d17.12
MinimumVisualStudioVersion = 10.0.40219.1
Project("{FAE04EC0-301F-11D3-BF4B-00C04F79EFBC}") = "Guia1_24_Marzo_13_DerekLopez", "Guia1_24_Marzo_13_DerekLopez\Guia1_24_Marzo_13_DerekLopez.csproj", "{992B4068-F607-407D-9C6B-B3D628B89440}"
EndProject
Global
	GlobalSection(SolutionConfigurationPlatforms) = preSolution
		Debug|Any CPU = Debug|Any CPU
		Release|Any CPU = Release|Any CPU
	EndGlobalSection
	GlobalSection(ProjectConfigurationPlatforms) = postSolution
		{992B4068-F607-407D-9C6B-B3D628B89440}.Debug|Any CPU.ActiveCfg = Debug|Any CPU
		{992B4068-F607-407D-9C6B-B3D628B89440}.Debug|Any CPU.Build.0 = Debug|Any CPU
		{992B4068-F607-407D-9C6B-B3D628B89440}.Release|Any CPU.ActiveCfg = Release|Any CPU
		{992B4068-F607-407D-9C6B-B3D628B89440}.Release|Any CPU.Build.0 = Release|Any CPU
	EndGlobalSection
	GlobalSection(SolutionProperties) = preSolution
		HideSolutionNode = FALSE
	EndGlobalSection
EndGlobal
